
Microsoft Visual Studio Solution File, Format Version 12.00
# Visual Studio Version 16
VisualStudioVersion = 16.0.30320.27
MinimumVisualStudioVersion = 10.0.40219.1
Project("{9A19103F-16F7-4668-BE54-9A1E7A4F7556}") = "ExpEditor.Core", "ExpEditor.Core\ExpEditor.Core.csproj", "{F4117FDC-9049-4553-A913-EBC6DF246592}"
EndProject
Project("{FAE04EC0-301F-11D3-BF4B-00C04F79EFBC}") = "ExpEditor.WinForms", "ExpEditor.WinForms\ExpEditor.WinForms.csproj", "{DAF1D93E-BE4B-4298-8F1A-0B9DFB5E5AF4}"
EndProject
Global
	GlobalSection(SolutionConfigurationPlatforms) = preSolution
		Debug|Any CPU = Debug|Any CPU
		Release|Any CPU = Release|Any CPU
	EndGlobalSection
	GlobalSection(ProjectConfigurationPlatforms) = postSolution
		{F4117FDC-9049-4553-A913-EBC6DF246592}.Debug|Any CPU.ActiveCfg = Debug|Any CPU
		{F4117FDC-9049-4553-A913-EBC6DF246592}.Debug|Any CPU.Build.0 = Debug|Any CPU
		{F4117FDC-9049-4553-A913-EBC6DF246592}.Release|Any CPU.ActiveCfg = Release|Any CPU
		{F4117FDC-9049-4553-A913-EBC6DF246592}.Release|Any CPU.Build.0 = Release|Any CPU
		{DAF1D93E-BE4B-4298-8F1A-0B9DFB5E5AF4}.Debug|Any CPU.ActiveCfg = Debug|Any CPU
		{DAF1D93E-BE4B-4298-8F1A-0B9DFB5E5AF4}.Debug|Any CPU.Build.0 = Debug|Any CPU
		{DAF1D93E-BE4B-4298-8F1A-0B9DFB5E5AF4}.Release|Any CPU.ActiveCfg = Release|Any CPU
		{DAF1D93E-BE4B-4298-8F1A-0B9DFB5E5AF4}.Release|Any CPU.Build.0 = Release|Any CPU
	EndGlobalSection
	GlobalSection(SolutionProperties) = preSolution
		HideSolutionNode = FALSE
	EndGlobalSection
	GlobalSection(ExtensibilityGlobals) = postSolution
		SolutionGuid = {100519FB-DBCC-471B-9B00-FE48561F5B83}
	EndGlobalSection
EndGlobal
